
Microsoft Visual Studio Solution File, Format Version 12.00
# Visual Studio Version 17
VisualStudioVersion = 17.9.34616.47
MinimumVisualStudioVersion = 10.0.40219.1
Project("{2150E333-8FDC-42A3-9474-1A3956D46DE8}") = "Src", "Src", "{08992A9D-9C9B-4974-A5DB-AFEF6055AD41}"
EndProject
Project("{FAE04EC0-301F-11D3-BF4B-00C04F79EFBC}") = "PhoneBook.Domain", "PhoneBook.Domain\PhoneBook.Domain.csproj", "{C573D6B2-F601-4DE3-A3E1-C303B58EBAB0}"
EndProject
Project("{FAE04EC0-301F-11D3-BF4B-00C04F79EFBC}") = "PhoneBook.Application", "PhoneBook.Application\PhoneBook.Application.csproj", "{76212D57-FA2F-4F3D-B474-CD8FC6D1BB95}"
EndProject
Project("{FAE04EC0-301F-11D3-BF4B-00C04F79EFBC}") = "PhoneBook.Infra", "PhoneBook.Infra\PhoneBook.Infra.csproj", "{E89DBB20-2803-4912-92DD-D409BE81D498}"
EndProject
Project("{FAE04EC0-301F-11D3-BF4B-00C04F79EFBC}") = "PhoneBook.Web", "PhoneBook.Web\PhoneBook.Web.csproj", "{22DE20B1-8BB8-439F-A83F-10CB9319D255}"
EndProject
Global
	GlobalSection(SolutionConfigurationPlatforms) = preSolution
		Debug|Any CPU = Debug|Any CPU
		Release|Any CPU = Release|Any CPU
	EndGlobalSection
	GlobalSection(ProjectConfigurationPlatforms) = postSolution
		{C573D6B2-F601-4DE3-A3E1-C303B58EBAB0}.Debug|Any CPU.ActiveCfg = Debug|Any CPU
		{C573D6B2-F601-4DE3-A3E1-C303B58EBAB0}.Debug|Any CPU.Build.0 = Debug|Any CPU
		{C573D6B2-F601-4DE3-A3E1-C303B58EBAB0}.Release|Any CPU.ActiveCfg = Release|Any CPU
		{C573D6B2-F601-4DE3-A3E1-C303B58EBAB0}.Release|Any CPU.Build.0 = Release|Any CPU
		{76212D57-FA2F-4F3D-B474-CD8FC6D1BB95}.Debug|Any CPU.ActiveCfg = Debug|Any CPU
		{76212D57-FA2F-4F3D-B474-CD8FC6D1BB95}.Debug|Any CPU.Build.0 = Debug|Any CPU
		{76212D57-FA2F-4F3D-B474-CD8FC6D1BB95}.Release|Any CPU.ActiveCfg = Release|Any CPU
		{76212D57-FA2F-4F3D-B474-CD8FC6D1BB95}.Release|Any CPU.Build.0 = Release|Any CPU
		{E89DBB20-2803-4912-92DD-D409BE81D498}.Debug|Any CPU.ActiveCfg = Debug|Any CPU
		{E89DBB20-2803-4912-92DD-D409BE81D498}.Debug|Any CPU.Build.0 = Debug|Any CPU
		{E89DBB20-2803-4912-92DD-D409BE81D498}.Release|Any CPU.ActiveCfg = Release|Any CPU
		{E89DBB20-2803-4912-92DD-D409BE81D498}.Release|Any CPU.Build.0 = Release|Any CPU
		{22DE20B1-8BB8-439F-A83F-10CB9319D255}.Debug|Any CPU.ActiveCfg = Debug|Any CPU
		{22DE20B1-8BB8-439F-A83F-10CB9319D255}.Debug|Any CPU.Build.0 = Debug|Any CPU
		{22DE20B1-8BB8-439F-A83F-10CB9319D255}.Release|Any CPU.ActiveCfg = Release|Any CPU
		{22DE20B1-8BB8-439F-A83F-10CB9319D255}.Release|Any CPU.Build.0 = Release|Any CPU
	EndGlobalSection
	GlobalSection(SolutionProperties) = preSolution
		HideSolutionNode = FALSE
	EndGlobalSection
	GlobalSection(NestedProjects) = preSolution
		{C573D6B2-F601-4DE3-A3E1-C303B58EBAB0} = {08992A9D-9C9B-4974-A5DB-AFEF6055AD41}
		{76212D57-FA2F-4F3D-B474-CD8FC6D1BB95} = {08992A9D-9C9B-4974-A5DB-AFEF6055AD41}
		{E89DBB20-2803-4912-92DD-D409BE81D498} = {08992A9D-9C9B-4974-A5DB-AFEF6055AD41}
		{22DE20B1-8BB8-439F-A83F-10CB9319D255} = {08992A9D-9C9B-4974-A5DB-AFEF6055AD41}
	EndGlobalSection
	GlobalSection(ExtensibilityGlobals) = postSolution
		SolutionGuid = {282238F0-7BDE-486A-A9FB-5BED6D6C4EE4}
	EndGlobalSection
EndGlobal
