
Microsoft Visual Studio Solution File, Format Version 12.00
# Visual Studio Version 17
VisualStudioVersion = 17.9.34616.47
MinimumVisualStudioVersion = 10.0.40219.1
Project("{2150E333-8FDC-42A3-9474-1A3956D46DE8}") = "Src", "Src", "{08992A9D-9C9B-4974-A5DB-AFEF6055AD41}"
EndProject
Project("{9A19103F-16F7-4668-BE54-9A1E7A4F7556}") = "PhoneBook.Domain", "PhoneBook.Domain\PhoneBook.Domain.csproj", "{C573D6B2-F601-4DE3-A3E1-C303B58EBAB0}"
EndProject
Project("{9A19103F-16F7-4668-BE54-9A1E7A4F7556}") = "PhoneBook.Application", "PhoneBook.Application\PhoneBook.Application.csproj", "{76212D57-FA2F-4F3D-B474-CD8FC6D1BB95}"
EndProject
Project("{9A19103F-16F7-4668-BE54-9A1E7A4F7556}") = "PhoneBook.Persistence", "PhoneBook.Infra\PhoneBook.Persistence.csproj", "{E89DBB20-2803-4912-92DD-D409BE81D498}"
EndProject
Project("{9A19103F-16F7-4668-BE54-9A1E7A4F7556}") = "PhoneBook.Api", "PhoneBook.Api\PhoneBook.Api.csproj", "{D106B7B9-9768-4734-8C69-993A723AFA01}"
EndProject
Project("{2150E333-8FDC-42A3-9474-1A3956D46DE8}") = "01.Domain", "01.Domain", "{2911BD42-B7BA-4B80-989B-630D249E41A2}"
EndProject
Project("{2150E333-8FDC-42A3-9474-1A3956D46DE8}") = "02.Application", "02.Application", "{E3CE49D5-8A0F-4F4F-A4D4-9F100389EF69}"
EndProject
Project("{2150E333-8FDC-42A3-9474-1A3956D46DE8}") = "03.Infra", "03.Infra", "{C0CAF213-89DA-408B-A8E4-1B28C14B2E66}"
EndProject
Project("{2150E333-8FDC-42A3-9474-1A3956D46DE8}") = "04.EndPoint", "04.EndPoint", "{811B1642-D293-4059-9255-8DE71415068B}"
EndProject
Project("{FAE04EC0-301F-11D3-BF4B-00C04F79EFBC}") = "PhoneBook.Identity", "PhoneBook.Identity\PhoneBook.Identity.csproj", "{1E4F0DF0-099F-4096-B8C6-7246DBD55959}"
EndProject
Global
	GlobalSection(SolutionConfigurationPlatforms) = preSolution
		Debug|Any CPU = Debug|Any CPU
		Release|Any CPU = Release|Any CPU
	EndGlobalSection
	GlobalSection(ProjectConfigurationPlatforms) = postSolution
		{C573D6B2-F601-4DE3-A3E1-C303B58EBAB0}.Debug|Any CPU.ActiveCfg = Debug|Any CPU
		{C573D6B2-F601-4DE3-A3E1-C303B58EBAB0}.Debug|Any CPU.Build.0 = Debug|Any CPU
		{C573D6B2-F601-4DE3-A3E1-C303B58EBAB0}.Release|Any CPU.ActiveCfg = Release|Any CPU
		{C573D6B2-F601-4DE3-A3E1-C303B58EBAB0}.Release|Any CPU.Build.0 = Release|Any CPU
		{76212D57-FA2F-4F3D-B474-CD8FC6D1BB95}.Debug|Any CPU.ActiveCfg = Debug|Any CPU
		{76212D57-FA2F-4F3D-B474-CD8FC6D1BB95}.Debug|Any CPU.Build.0 = Debug|Any CPU
		{76212D57-FA2F-4F3D-B474-CD8FC6D1BB95}.Release|Any CPU.ActiveCfg = Release|Any CPU
		{76212D57-FA2F-4F3D-B474-CD8FC6D1BB95}.Release|Any CPU.Build.0 = Release|Any CPU
		{E89DBB20-2803-4912-92DD-D409BE81D498}.Debug|Any CPU.ActiveCfg = Debug|Any CPU
		{E89DBB20-2803-4912-92DD-D409BE81D498}.Debug|Any CPU.Build.0 = Debug|Any CPU
		{E89DBB20-2803-4912-92DD-D409BE81D498}.Release|Any CPU.ActiveCfg = Release|Any CPU
		{E89DBB20-2803-4912-92DD-D409BE81D498}.Release|Any CPU.Build.0 = Release|Any CPU
		{D106B7B9-9768-4734-8C69-993A723AFA01}.Debug|Any CPU.ActiveCfg = Debug|Any CPU
		{D106B7B9-9768-4734-8C69-993A723AFA01}.Debug|Any CPU.Build.0 = Debug|Any CPU
		{D106B7B9-9768-4734-8C69-993A723AFA01}.Release|Any CPU.ActiveCfg = Release|Any CPU
		{D106B7B9-9768-4734-8C69-993A723AFA01}.Release|Any CPU.Build.0 = Release|Any CPU
		{1E4F0DF0-099F-4096-B8C6-7246DBD55959}.Debug|Any CPU.ActiveCfg = Debug|Any CPU
		{1E4F0DF0-099F-4096-B8C6-7246DBD55959}.Debug|Any CPU.Build.0 = Debug|Any CPU
		{1E4F0DF0-099F-4096-B8C6-7246DBD55959}.Release|Any CPU.ActiveCfg = Release|Any CPU
		{1E4F0DF0-099F-4096-B8C6-7246DBD55959}.Release|Any CPU.Build.0 = Release|Any CPU
	EndGlobalSection
	GlobalSection(SolutionProperties) = preSolution
		HideSolutionNode = FALSE
	EndGlobalSection
	GlobalSection(NestedProjects) = preSolution
		{C573D6B2-F601-4DE3-A3E1-C303B58EBAB0} = {2911BD42-B7BA-4B80-989B-630D249E41A2}
		{76212D57-FA2F-4F3D-B474-CD8FC6D1BB95} = {E3CE49D5-8A0F-4F4F-A4D4-9F100389EF69}
		{E89DBB20-2803-4912-92DD-D409BE81D498} = {C0CAF213-89DA-408B-A8E4-1B28C14B2E66}
		{D106B7B9-9768-4734-8C69-993A723AFA01} = {811B1642-D293-4059-9255-8DE71415068B}
		{2911BD42-B7BA-4B80-989B-630D249E41A2} = {08992A9D-9C9B-4974-A5DB-AFEF6055AD41}
		{E3CE49D5-8A0F-4F4F-A4D4-9F100389EF69} = {08992A9D-9C9B-4974-A5DB-AFEF6055AD41}
		{C0CAF213-89DA-408B-A8E4-1B28C14B2E66} = {08992A9D-9C9B-4974-A5DB-AFEF6055AD41}
		{811B1642-D293-4059-9255-8DE71415068B} = {08992A9D-9C9B-4974-A5DB-AFEF6055AD41}
		{1E4F0DF0-099F-4096-B8C6-7246DBD55959} = {C0CAF213-89DA-408B-A8E4-1B28C14B2E66}
	EndGlobalSection
	GlobalSection(ExtensibilityGlobals) = postSolution
		SolutionGuid = {282238F0-7BDE-486A-A9FB-5BED6D6C4EE4}
	EndGlobalSection
EndGlobal
